
Microsoft Visual Studio Solution File, Format Version 12.00
# Visual Studio Version 16
VisualStudioVersion = 16.0.30804.86
MinimumVisualStudioVersion = 10.0.40219.1
Project("{FAE04EC0-301F-11D3-BF4B-00C04F79EFBC}") = "Binance.API", "Binance.API\Binance.API.csproj", "{87DF1E6E-04A1-4379-9687-F5A5B9A423B9}"
EndProject
Project("{FAE04EC0-301F-11D3-BF4B-00C04F79EFBC}") = "Binance.WEB", "Binance.WEB\Binance.WEB.csproj", "{D717D5ED-A61B-4BA1-85B4-09097C825E24}"
EndProject
Global
	GlobalSection(SolutionConfigurationPlatforms) = preSolution
		Debug|Any CPU = Debug|Any CPU
		Release|Any CPU = Release|Any CPU
	EndGlobalSection
	GlobalSection(ProjectConfigurationPlatforms) = postSolution
		{87DF1E6E-04A1-4379-9687-F5A5B9A423B9}.Debug|Any CPU.ActiveCfg = Debug|Any CPU
		{87DF1E6E-04A1-4379-9687-F5A5B9A423B9}.Debug|Any CPU.Build.0 = Debug|Any CPU
		{87DF1E6E-04A1-4379-9687-F5A5B9A423B9}.Release|Any CPU.ActiveCfg = Release|Any CPU
		{87DF1E6E-04A1-4379-9687-F5A5B9A423B9}.Release|Any CPU.Build.0 = Release|Any CPU
		{D717D5ED-A61B-4BA1-85B4-09097C825E24}.Debug|Any CPU.ActiveCfg = Debug|Any CPU
		{D717D5ED-A61B-4BA1-85B4-09097C825E24}.Debug|Any CPU.Build.0 = Debug|Any CPU
		{D717D5ED-A61B-4BA1-85B4-09097C825E24}.Release|Any CPU.ActiveCfg = Release|Any CPU
		{D717D5ED-A61B-4BA1-85B4-09097C825E24}.Release|Any CPU.Build.0 = Release|Any CPU
	EndGlobalSection
	GlobalSection(SolutionProperties) = preSolution
		HideSolutionNode = FALSE
	EndGlobalSection
	GlobalSection(ExtensibilityGlobals) = postSolution
		SolutionGuid = {7D7FF56A-DC4B-4DE6-88F7-FE80DC0AD989}
	EndGlobalSection
EndGlobal
